
Microsoft Visual Studio Solution File, Format Version 12.00
# Visual Studio Version 17
VisualStudioVersion = 17.12.35514.174
MinimumVisualStudioVersion = 10.0.40219.1
Project("{FAE04EC0-301F-11D3-BF4B-00C04F79EFBC}") = "VillaApi", "VillaApi\VillaApi.csproj", "{91CADE59-BB92-42F6-B62B-1570E1E6CD2E}"
EndProject
Project("{FAE04EC0-301F-11D3-BF4B-00C04F79EFBC}") = "VillaAPi.Web", "VillaAPi.Web\VillaAPi.Web.csproj", "{3C6F6945-4DAC-471E-9780-BDCCA0EF60F1}"
EndProject
Global
	GlobalSection(SolutionConfigurationPlatforms) = preSolution
		Debug|Any CPU = Debug|Any CPU
		Release|Any CPU = Release|Any CPU
	EndGlobalSection
	GlobalSection(ProjectConfigurationPlatforms) = postSolution
		{91CADE59-BB92-42F6-B62B-1570E1E6CD2E}.Debug|Any CPU.ActiveCfg = Debug|Any CPU
		{91CADE59-BB92-42F6-B62B-1570E1E6CD2E}.Debug|Any CPU.Build.0 = Debug|Any CPU
		{91CADE59-BB92-42F6-B62B-1570E1E6CD2E}.Release|Any CPU.ActiveCfg = Release|Any CPU
		{91CADE59-BB92-42F6-B62B-1570E1E6CD2E}.Release|Any CPU.Build.0 = Release|Any CPU
		{3C6F6945-4DAC-471E-9780-BDCCA0EF60F1}.Debug|Any CPU.ActiveCfg = Debug|Any CPU
		{3C6F6945-4DAC-471E-9780-BDCCA0EF60F1}.Debug|Any CPU.Build.0 = Debug|Any CPU
		{3C6F6945-4DAC-471E-9780-BDCCA0EF60F1}.Release|Any CPU.ActiveCfg = Release|Any CPU
		{3C6F6945-4DAC-471E-9780-BDCCA0EF60F1}.Release|Any CPU.Build.0 = Release|Any CPU
	EndGlobalSection
	GlobalSection(SolutionProperties) = preSolution
		HideSolutionNode = FALSE
	EndGlobalSection
EndGlobal
